
Microsoft Visual Studio Solution File, Format Version 12.00
# Visual Studio Version 17
VisualStudioVersion = 17.3.32901.215
MinimumVisualStudioVersion = 10.0.40219.1
Project("{9A19103F-16F7-4668-BE54-9A1E7A4F7556}") = "FirstApp", "FirstApp\FirstApp.csproj", "{3A7F5B06-95E8-4A8B-98B1-51BABE93EAC0}"
EndProject
Project("{9A19103F-16F7-4668-BE54-9A1E7A4F7556}") = "Discount", "Lesson_2\Discount\Discount.csproj", "{C68F77D0-1FE6-404B-9AFF-7723E1D56ECD}"
EndProject
Project("{9A19103F-16F7-4668-BE54-9A1E7A4F7556}") = "Time", "Lesson_2\Time\Time.csproj", "{127947BC-88E3-4FFA-8B86-122A792642E1}"
EndProject
Project("{9A19103F-16F7-4668-BE54-9A1E7A4F7556}") = "Book", "Lesson_2\Book\Book.csproj", "{9AB29549-F10C-44C3-AFC0-4C9890EBA79E}"
EndProject
Project("{FAE04EC0-301F-11D3-BF4B-00C04F79EFBC}") = "FirstTask", "Lesson_3\FirstTask\FirstTask.csproj", "{40C2AAD9-ED2B-490A-930C-B7C173952001}"
EndProject
Project("{9A19103F-16F7-4668-BE54-9A1E7A4F7556}") = "SecondTask", "Lesson_3\SecondTask\SecondTask.csproj", "{97C6D51B-A654-4085-AB46-41B436F25531}"
EndProject
Project("{9A19103F-16F7-4668-BE54-9A1E7A4F7556}") = "FourthTask", "Lesson_3\FourthTask\FourthTask.csproj", "{D871DB2E-41F6-472A-8CFD-68E7503E70F4}"
EndProject
Project("{9A19103F-16F7-4668-BE54-9A1E7A4F7556}") = "FivesTask", "Lesson_3\FivesTask\FivesTask.csproj", "{4395FA65-4F03-4F05-AD78-177F5218ABDB}"
EndProject
Project("{9A19103F-16F7-4668-BE54-9A1E7A4F7556}") = "SixthTask", "Lesson_3\SixthTask\SixthTask.csproj", "{FD4174AF-5CA9-41D0-B98A-6E99315E20A8}"
EndProject
Project("{9A19103F-16F7-4668-BE54-9A1E7A4F7556}") = "CompareNumbers", "Lesson_4\CompareNumbers\CompareNumbers.csproj", "{A64FA9C1-EE9B-4B4A-83CC-6ABFEBCDDAA3}"
EndProject
Project("{9A19103F-16F7-4668-BE54-9A1E7A4F7556}") = "MonthNumber", "Lesson_4\MonthNumber\MonthNumber.csproj", "{AFA11812-53C2-40C8-85A4-41E45BC811F7}"
EndProject
Project("{9A19103F-16F7-4668-BE54-9A1E7A4F7556}") = "FizzBuzz", "Lesson_4\FizzBuzz\FizzBuzz.csproj", "{8BC9F663-983E-471E-933F-48503A29CA9A}"
EndProject
Project("{9A19103F-16F7-4668-BE54-9A1E7A4F7556}") = "MathTask", "Lesson_4\Math\MathTask.csproj", "{BB92AC56-CED7-46F0-BEAA-CDE0F632C233}"
EndProject
Project("{9A19103F-16F7-4668-BE54-9A1E7A4F7556}") = "Password", "Lesson_5\Password\Password.csproj", "{2E075778-68EA-4D84-8FF4-4F6EDF3E281E}"
EndProject
Project("{9A19103F-16F7-4668-BE54-9A1E7A4F7556}") = "RandomGuess", "Lesson_5\Random\RandomGuess.csproj", "{4D0EFA29-14A7-48D8-9166-5DEE3682F751}"
EndProject
Project("{9A19103F-16F7-4668-BE54-9A1E7A4F7556}") = "MultiTable", "Lesson_5\MultiTable\MultiTable.csproj", "{2C9AFFD7-2C9C-4A65-9CEF-250A8E346B8F}"
EndProject
Project("{9A19103F-16F7-4668-BE54-9A1E7A4F7556}") = "Task_1", "Lesson_6\Task_1\Task_1.csproj", "{D191D1E5-455D-4824-BFD4-A09B11BA9857}"
EndProject
Project("{9A19103F-16F7-4668-BE54-9A1E7A4F7556}") = "Task_2", "Lesson_6\Task_2\Task_2.csproj", "{7E9E2F7B-772E-498A-95FC-07D8915D5499}"
EndProject
Project("{9A19103F-16F7-4668-BE54-9A1E7A4F7556}") = "Task_3", "Lesson_6\Task_3\Task_3.csproj", "{59EC08B4-9089-418A-969A-DE9EA0D793FC}"
EndProject
Project("{9A19103F-16F7-4668-BE54-9A1E7A4F7556}") = "Task", "Task\Task.csproj", "{034ED17F-24A0-44DD-8A19-4E3CE4F15ECF}"
EndProject
Project("{9A19103F-16F7-4668-BE54-9A1E7A4F7556}") = "Task_4", "Lesson_6\Task_4\Task_4.csproj", "{1B29D112-E520-451D-B53D-B7BBCA912962}"
EndProject
Project("{9A19103F-16F7-4668-BE54-9A1E7A4F7556}") = "Student_marks", "Lesson_7\Student_marks\Student_marks.csproj", "{548D54B8-ECC0-40F8-8503-A776963212B5}"
EndProject
Project("{9A19103F-16F7-4668-BE54-9A1E7A4F7556}") = "Cart", "Lesson_8\Cart\Cart.csproj", "{7D0A61EE-F516-4582-B69E-E33D360A02C7}"
EndProject
Project("{9A19103F-16F7-4668-BE54-9A1E7A4F7556}") = "Class_Book", "Lesson_9\Class_Book\Class_Book.csproj", "{7EE30B0A-EC01-45BF-8C94-278D4A2C9556}"
EndProject
Project("{9A19103F-16F7-4668-BE54-9A1E7A4F7556}") = "Person_Info", "Lesson_10\Person_Info\Person_Info.csproj", "{670ED729-7D8B-44C0-90B0-E56DDE41F475}"
EndProject
Project("{9A19103F-16F7-4668-BE54-9A1E7A4F7556}") = "Date_Task", "Lesson_10\Date_Task\Date_Task.csproj", "{8CB8B397-BAF2-480A-A10C-C9AAC4799576}"
EndProject
Project("{FAE04EC0-301F-11D3-BF4B-00C04F79EFBC}") = "LibraryTask", "Lesson_11\LibraryTask\LibraryTask.csproj", "{7F527769-3DD7-4BD1-B8A2-604FC4FDF217}"
EndProject
Project("{FAE04EC0-301F-11D3-BF4B-00C04F79EFBC}") = "ConsoleForLib", "Lesson_11\ConsoleForLib\ConsoleForLib.csproj", "{8762C4CA-9FA0-4EDD-B6B1-7F786318CD8E}"
EndProject
Project("{FAE04EC0-301F-11D3-BF4B-00C04F79EFBC}") = "ExceptionTask", "Lesson_11\ExceptionTask\ExceptionTask.csproj", "{6C594317-2196-4D14-8389-34913B0DFD69}"
EndProject
Global
	GlobalSection(SolutionConfigurationPlatforms) = preSolution
		Debug|Any CPU = Debug|Any CPU
		Release|Any CPU = Release|Any CPU
	EndGlobalSection
	GlobalSection(ProjectConfigurationPlatforms) = postSolution
		{3A7F5B06-95E8-4A8B-98B1-51BABE93EAC0}.Debug|Any CPU.ActiveCfg = Debug|Any CPU
		{3A7F5B06-95E8-4A8B-98B1-51BABE93EAC0}.Debug|Any CPU.Build.0 = Debug|Any CPU
		{3A7F5B06-95E8-4A8B-98B1-51BABE93EAC0}.Release|Any CPU.ActiveCfg = Release|Any CPU
		{3A7F5B06-95E8-4A8B-98B1-51BABE93EAC0}.Release|Any CPU.Build.0 = Release|Any CPU
		{C68F77D0-1FE6-404B-9AFF-7723E1D56ECD}.Debug|Any CPU.ActiveCfg = Debug|Any CPU
		{C68F77D0-1FE6-404B-9AFF-7723E1D56ECD}.Debug|Any CPU.Build.0 = Debug|Any CPU
		{C68F77D0-1FE6-404B-9AFF-7723E1D56ECD}.Release|Any CPU.ActiveCfg = Release|Any CPU
		{C68F77D0-1FE6-404B-9AFF-7723E1D56ECD}.Release|Any CPU.Build.0 = Release|Any CPU
		{127947BC-88E3-4FFA-8B86-122A792642E1}.Debug|Any CPU.ActiveCfg = Debug|Any CPU
		{127947BC-88E3-4FFA-8B86-122A792642E1}.Debug|Any CPU.Build.0 = Debug|Any CPU
		{127947BC-88E3-4FFA-8B86-122A792642E1}.Release|Any CPU.ActiveCfg = Release|Any CPU
		{127947BC-88E3-4FFA-8B86-122A792642E1}.Release|Any CPU.Build.0 = Release|Any CPU
		{9AB29549-F10C-44C3-AFC0-4C9890EBA79E}.Debug|Any CPU.ActiveCfg = Debug|Any CPU
		{9AB29549-F10C-44C3-AFC0-4C9890EBA79E}.Debug|Any CPU.Build.0 = Debug|Any CPU
		{9AB29549-F10C-44C3-AFC0-4C9890EBA79E}.Release|Any CPU.ActiveCfg = Release|Any CPU
		{9AB29549-F10C-44C3-AFC0-4C9890EBA79E}.Release|Any CPU.Build.0 = Release|Any CPU
		{40C2AAD9-ED2B-490A-930C-B7C173952001}.Debug|Any CPU.ActiveCfg = Debug|Any CPU
		{40C2AAD9-ED2B-490A-930C-B7C173952001}.Debug|Any CPU.Build.0 = Debug|Any CPU
		{40C2AAD9-ED2B-490A-930C-B7C173952001}.Release|Any CPU.ActiveCfg = Release|Any CPU
		{40C2AAD9-ED2B-490A-930C-B7C173952001}.Release|Any CPU.Build.0 = Release|Any CPU
		{97C6D51B-A654-4085-AB46-41B436F25531}.Debug|Any CPU.ActiveCfg = Debug|Any CPU
		{97C6D51B-A654-4085-AB46-41B436F25531}.Debug|Any CPU.Build.0 = Debug|Any CPU
		{97C6D51B-A654-4085-AB46-41B436F25531}.Release|Any CPU.ActiveCfg = Release|Any CPU
		{97C6D51B-A654-4085-AB46-41B436F25531}.Release|Any CPU.Build.0 = Release|Any CPU
		{D871DB2E-41F6-472A-8CFD-68E7503E70F4}.Debug|Any CPU.ActiveCfg = Debug|Any CPU
		{D871DB2E-41F6-472A-8CFD-68E7503E70F4}.Debug|Any CPU.Build.0 = Debug|Any CPU
		{D871DB2E-41F6-472A-8CFD-68E7503E70F4}.Release|Any CPU.ActiveCfg = Release|Any CPU
		{D871DB2E-41F6-472A-8CFD-68E7503E70F4}.Release|Any CPU.Build.0 = Release|Any CPU
		{4395FA65-4F03-4F05-AD78-177F5218ABDB}.Debug|Any CPU.ActiveCfg = Debug|Any CPU
		{4395FA65-4F03-4F05-AD78-177F5218ABDB}.Debug|Any CPU.Build.0 = Debug|Any CPU
		{4395FA65-4F03-4F05-AD78-177F5218ABDB}.Release|Any CPU.ActiveCfg = Release|Any CPU
		{4395FA65-4F03-4F05-AD78-177F5218ABDB}.Release|Any CPU.Build.0 = Release|Any CPU
		{FD4174AF-5CA9-41D0-B98A-6E99315E20A8}.Debug|Any CPU.ActiveCfg = Debug|Any CPU
		{FD4174AF-5CA9-41D0-B98A-6E99315E20A8}.Debug|Any CPU.Build.0 = Debug|Any CPU
		{FD4174AF-5CA9-41D0-B98A-6E99315E20A8}.Release|Any CPU.ActiveCfg = Release|Any CPU
		{FD4174AF-5CA9-41D0-B98A-6E99315E20A8}.Release|Any CPU.Build.0 = Release|Any CPU
		{A64FA9C1-EE9B-4B4A-83CC-6ABFEBCDDAA3}.Debug|Any CPU.ActiveCfg = Debug|Any CPU
		{A64FA9C1-EE9B-4B4A-83CC-6ABFEBCDDAA3}.Debug|Any CPU.Build.0 = Debug|Any CPU
		{A64FA9C1-EE9B-4B4A-83CC-6ABFEBCDDAA3}.Release|Any CPU.ActiveCfg = Release|Any CPU
		{A64FA9C1-EE9B-4B4A-83CC-6ABFEBCDDAA3}.Release|Any CPU.Build.0 = Release|Any CPU
		{AFA11812-53C2-40C8-85A4-41E45BC811F7}.Debug|Any CPU.ActiveCfg = Debug|Any CPU
		{AFA11812-53C2-40C8-85A4-41E45BC811F7}.Debug|Any CPU.Build.0 = Debug|Any CPU
		{AFA11812-53C2-40C8-85A4-41E45BC811F7}.Release|Any CPU.ActiveCfg = Release|Any CPU
		{AFA11812-53C2-40C8-85A4-41E45BC811F7}.Release|Any CPU.Build.0 = Release|Any CPU
		{8BC9F663-983E-471E-933F-48503A29CA9A}.Debug|Any CPU.ActiveCfg = Debug|Any CPU
		{8BC9F663-983E-471E-933F-48503A29CA9A}.Debug|Any CPU.Build.0 = Debug|Any CPU
		{8BC9F663-983E-471E-933F-48503A29CA9A}.Release|Any CPU.ActiveCfg = Release|Any CPU
		{8BC9F663-983E-471E-933F-48503A29CA9A}.Release|Any CPU.Build.0 = Release|Any CPU
		{BB92AC56-CED7-46F0-BEAA-CDE0F632C233}.Debug|Any CPU.ActiveCfg = Debug|Any CPU
		{BB92AC56-CED7-46F0-BEAA-CDE0F632C233}.Debug|Any CPU.Build.0 = Debug|Any CPU
		{BB92AC56-CED7-46F0-BEAA-CDE0F632C233}.Release|Any CPU.ActiveCfg = Release|Any CPU
		{BB92AC56-CED7-46F0-BEAA-CDE0F632C233}.Release|Any CPU.Build.0 = Release|Any CPU
		{2E075778-68EA-4D84-8FF4-4F6EDF3E281E}.Debug|Any CPU.ActiveCfg = Debug|Any CPU
		{2E075778-68EA-4D84-8FF4-4F6EDF3E281E}.Debug|Any CPU.Build.0 = Debug|Any CPU
		{2E075778-68EA-4D84-8FF4-4F6EDF3E281E}.Release|Any CPU.ActiveCfg = Release|Any CPU
		{2E075778-68EA-4D84-8FF4-4F6EDF3E281E}.Release|Any CPU.Build.0 = Release|Any CPU
		{4D0EFA29-14A7-48D8-9166-5DEE3682F751}.Debug|Any CPU.ActiveCfg = Debug|Any CPU
		{4D0EFA29-14A7-48D8-9166-5DEE3682F751}.Debug|Any CPU.Build.0 = Debug|Any CPU
		{4D0EFA29-14A7-48D8-9166-5DEE3682F751}.Release|Any CPU.ActiveCfg = Release|Any CPU
		{4D0EFA29-14A7-48D8-9166-5DEE3682F751}.Release|Any CPU.Build.0 = Release|Any CPU
		{2C9AFFD7-2C9C-4A65-9CEF-250A8E346B8F}.Debug|Any CPU.ActiveCfg = Debug|Any CPU
		{2C9AFFD7-2C9C-4A65-9CEF-250A8E346B8F}.Debug|Any CPU.Build.0 = Debug|Any CPU
		{2C9AFFD7-2C9C-4A65-9CEF-250A8E346B8F}.Release|Any CPU.ActiveCfg = Release|Any CPU
		{2C9AFFD7-2C9C-4A65-9CEF-250A8E346B8F}.Release|Any CPU.Build.0 = Release|Any CPU
		{D191D1E5-455D-4824-BFD4-A09B11BA9857}.Debug|Any CPU.ActiveCfg = Debug|Any CPU
		{D191D1E5-455D-4824-BFD4-A09B11BA9857}.Debug|Any CPU.Build.0 = Debug|Any CPU
		{D191D1E5-455D-4824-BFD4-A09B11BA9857}.Release|Any CPU.ActiveCfg = Release|Any CPU
		{D191D1E5-455D-4824-BFD4-A09B11BA9857}.Release|Any CPU.Build.0 = Release|Any CPU
		{7E9E2F7B-772E-498A-95FC-07D8915D5499}.Debug|Any CPU.ActiveCfg = Debug|Any CPU
		{7E9E2F7B-772E-498A-95FC-07D8915D5499}.Debug|Any CPU.Build.0 = Debug|Any CPU
		{7E9E2F7B-772E-498A-95FC-07D8915D5499}.Release|Any CPU.ActiveCfg = Release|Any CPU
		{7E9E2F7B-772E-498A-95FC-07D8915D5499}.Release|Any CPU.Build.0 = Release|Any CPU
		{59EC08B4-9089-418A-969A-DE9EA0D793FC}.Debug|Any CPU.ActiveCfg = Debug|Any CPU
		{59EC08B4-9089-418A-969A-DE9EA0D793FC}.Debug|Any CPU.Build.0 = Debug|Any CPU
		{59EC08B4-9089-418A-969A-DE9EA0D793FC}.Release|Any CPU.ActiveCfg = Release|Any CPU
		{59EC08B4-9089-418A-969A-DE9EA0D793FC}.Release|Any CPU.Build.0 = Release|Any CPU
		{034ED17F-24A0-44DD-8A19-4E3CE4F15ECF}.Debug|Any CPU.ActiveCfg = Debug|Any CPU
		{034ED17F-24A0-44DD-8A19-4E3CE4F15ECF}.Debug|Any CPU.Build.0 = Debug|Any CPU
		{034ED17F-24A0-44DD-8A19-4E3CE4F15ECF}.Release|Any CPU.ActiveCfg = Release|Any CPU
		{034ED17F-24A0-44DD-8A19-4E3CE4F15ECF}.Release|Any CPU.Build.0 = Release|Any CPU
		{1B29D112-E520-451D-B53D-B7BBCA912962}.Debug|Any CPU.ActiveCfg = Debug|Any CPU
		{1B29D112-E520-451D-B53D-B7BBCA912962}.Debug|Any CPU.Build.0 = Debug|Any CPU
		{1B29D112-E520-451D-B53D-B7BBCA912962}.Release|Any CPU.ActiveCfg = Release|Any CPU
		{1B29D112-E520-451D-B53D-B7BBCA912962}.Release|Any CPU.Build.0 = Release|Any CPU
		{548D54B8-ECC0-40F8-8503-A776963212B5}.Debug|Any CPU.ActiveCfg = Debug|Any CPU
		{548D54B8-ECC0-40F8-8503-A776963212B5}.Debug|Any CPU.Build.0 = Debug|Any CPU
		{548D54B8-ECC0-40F8-8503-A776963212B5}.Release|Any CPU.ActiveCfg = Release|Any CPU
		{548D54B8-ECC0-40F8-8503-A776963212B5}.Release|Any CPU.Build.0 = Release|Any CPU
		{7D0A61EE-F516-4582-B69E-E33D360A02C7}.Debug|Any CPU.ActiveCfg = Debug|Any CPU
		{7D0A61EE-F516-4582-B69E-E33D360A02C7}.Debug|Any CPU.Build.0 = Debug|Any CPU
		{7D0A61EE-F516-4582-B69E-E33D360A02C7}.Release|Any CPU.ActiveCfg = Release|Any CPU
		{7D0A61EE-F516-4582-B69E-E33D360A02C7}.Release|Any CPU.Build.0 = Release|Any CPU
		{7EE30B0A-EC01-45BF-8C94-278D4A2C9556}.Debug|Any CPU.ActiveCfg = Debug|Any CPU
		{7EE30B0A-EC01-45BF-8C94-278D4A2C9556}.Debug|Any CPU.Build.0 = Debug|Any CPU
		{7EE30B0A-EC01-45BF-8C94-278D4A2C9556}.Release|Any CPU.ActiveCfg = Release|Any CPU
		{7EE30B0A-EC01-45BF-8C94-278D4A2C9556}.Release|Any CPU.Build.0 = Release|Any CPU
		{670ED729-7D8B-44C0-90B0-E56DDE41F475}.Debug|Any CPU.ActiveCfg = Debug|Any CPU
		{670ED729-7D8B-44C0-90B0-E56DDE41F475}.Debug|Any CPU.Build.0 = Debug|Any CPU
		{670ED729-7D8B-44C0-90B0-E56DDE41F475}.Release|Any CPU.ActiveCfg = Release|Any CPU
		{670ED729-7D8B-44C0-90B0-E56DDE41F475}.Release|Any CPU.Build.0 = Release|Any CPU
		{8CB8B397-BAF2-480A-A10C-C9AAC4799576}.Debug|Any CPU.ActiveCfg = Debug|Any CPU
		{8CB8B397-BAF2-480A-A10C-C9AAC4799576}.Debug|Any CPU.Build.0 = Debug|Any CPU
		{8CB8B397-BAF2-480A-A10C-C9AAC4799576}.Release|Any CPU.ActiveCfg = Release|Any CPU
		{8CB8B397-BAF2-480A-A10C-C9AAC4799576}.Release|Any CPU.Build.0 = Release|Any CPU
		{7F527769-3DD7-4BD1-B8A2-604FC4FDF217}.Debug|Any CPU.ActiveCfg = Debug|Any CPU
		{7F527769-3DD7-4BD1-B8A2-604FC4FDF217}.Debug|Any CPU.Build.0 = Debug|Any CPU
		{7F527769-3DD7-4BD1-B8A2-604FC4FDF217}.Release|Any CPU.ActiveCfg = Release|Any CPU
		{7F527769-3DD7-4BD1-B8A2-604FC4FDF217}.Release|Any CPU.Build.0 = Release|Any CPU
		{8762C4CA-9FA0-4EDD-B6B1-7F786318CD8E}.Debug|Any CPU.ActiveCfg = Debug|Any CPU
		{8762C4CA-9FA0-4EDD-B6B1-7F786318CD8E}.Debug|Any CPU.Build.0 = Debug|Any CPU
		{8762C4CA-9FA0-4EDD-B6B1-7F786318CD8E}.Release|Any CPU.ActiveCfg = Release|Any CPU
		{8762C4CA-9FA0-4EDD-B6B1-7F786318CD8E}.Release|Any CPU.Build.0 = Release|Any CPU
		{6C594317-2196-4D14-8389-34913B0DFD69}.Debug|Any CPU.ActiveCfg = Debug|Any CPU
		{6C594317-2196-4D14-8389-34913B0DFD69}.Debug|Any CPU.Build.0 = Debug|Any CPU
		{6C594317-2196-4D14-8389-34913B0DFD69}.Release|Any CPU.ActiveCfg = Release|Any CPU
		{6C594317-2196-4D14-8389-34913B0DFD69}.Release|Any CPU.Build.0 = Release|Any CPU
	EndGlobalSection
	GlobalSection(SolutionProperties) = preSolution
		HideSolutionNode = FALSE
	EndGlobalSection
	GlobalSection(ExtensibilityGlobals) = postSolution
		SolutionGuid = {43D315CA-6EB9-4E1B-A985-772AB69F7765}
	EndGlobalSection
EndGlobal
