
Microsoft Visual Studio Solution File, Format Version 12.00
# Visual Studio Version 17
VisualStudioVersion = 17.3.32901.215
MinimumVisualStudioVersion = 10.0.40219.1
Project("{9A19103F-16F7-4668-BE54-9A1E7A4F7556}") = "FirstApp", "FirstApp\FirstApp.csproj", "{3A7F5B06-95E8-4A8B-98B1-51BABE93EAC0}"
EndProject
Project("{9A19103F-16F7-4668-BE54-9A1E7A4F7556}") = "Discount", "Lesson_2\Discount\Discount.csproj", "{C68F77D0-1FE6-404B-9AFF-7723E1D56ECD}"
EndProject
Project("{9A19103F-16F7-4668-BE54-9A1E7A4F7556}") = "Time", "Lesson_2\Time\Time.csproj", "{127947BC-88E3-4FFA-8B86-122A792642E1}"
EndProject
Project("{9A19103F-16F7-4668-BE54-9A1E7A4F7556}") = "Book", "Lesson_2\Book\Book.csproj", "{9AB29549-F10C-44C3-AFC0-4C9890EBA79E}"
EndProject
Project("{FAE04EC0-301F-11D3-BF4B-00C04F79EFBC}") = "FirstTask", "Lesson_3\FirstTask\FirstTask.csproj", "{40C2AAD9-ED2B-490A-930C-B7C173952001}"
EndProject
Global
	GlobalSection(SolutionConfigurationPlatforms) = preSolution
		Debug|Any CPU = Debug|Any CPU
		Release|Any CPU = Release|Any CPU
	EndGlobalSection
	GlobalSection(ProjectConfigurationPlatforms) = postSolution
		{3A7F5B06-95E8-4A8B-98B1-51BABE93EAC0}.Debug|Any CPU.ActiveCfg = Debug|Any CPU
		{3A7F5B06-95E8-4A8B-98B1-51BABE93EAC0}.Debug|Any CPU.Build.0 = Debug|Any CPU
		{3A7F5B06-95E8-4A8B-98B1-51BABE93EAC0}.Release|Any CPU.ActiveCfg = Release|Any CPU
		{3A7F5B06-95E8-4A8B-98B1-51BABE93EAC0}.Release|Any CPU.Build.0 = Release|Any CPU
		{C68F77D0-1FE6-404B-9AFF-7723E1D56ECD}.Debug|Any CPU.ActiveCfg = Debug|Any CPU
		{C68F77D0-1FE6-404B-9AFF-7723E1D56ECD}.Debug|Any CPU.Build.0 = Debug|Any CPU
		{C68F77D0-1FE6-404B-9AFF-7723E1D56ECD}.Release|Any CPU.ActiveCfg = Release|Any CPU
		{C68F77D0-1FE6-404B-9AFF-7723E1D56ECD}.Release|Any CPU.Build.0 = Release|Any CPU
		{127947BC-88E3-4FFA-8B86-122A792642E1}.Debug|Any CPU.ActiveCfg = Debug|Any CPU
		{127947BC-88E3-4FFA-8B86-122A792642E1}.Debug|Any CPU.Build.0 = Debug|Any CPU
		{127947BC-88E3-4FFA-8B86-122A792642E1}.Release|Any CPU.ActiveCfg = Release|Any CPU
		{127947BC-88E3-4FFA-8B86-122A792642E1}.Release|Any CPU.Build.0 = Release|Any CPU
		{9AB29549-F10C-44C3-AFC0-4C9890EBA79E}.Debug|Any CPU.ActiveCfg = Debug|Any CPU
		{9AB29549-F10C-44C3-AFC0-4C9890EBA79E}.Debug|Any CPU.Build.0 = Debug|Any CPU
		{9AB29549-F10C-44C3-AFC0-4C9890EBA79E}.Release|Any CPU.ActiveCfg = Release|Any CPU
		{9AB29549-F10C-44C3-AFC0-4C9890EBA79E}.Release|Any CPU.Build.0 = Release|Any CPU
		{40C2AAD9-ED2B-490A-930C-B7C173952001}.Debug|Any CPU.ActiveCfg = Debug|Any CPU
		{40C2AAD9-ED2B-490A-930C-B7C173952001}.Debug|Any CPU.Build.0 = Debug|Any CPU
		{40C2AAD9-ED2B-490A-930C-B7C173952001}.Release|Any CPU.ActiveCfg = Release|Any CPU
		{40C2AAD9-ED2B-490A-930C-B7C173952001}.Release|Any CPU.Build.0 = Release|Any CPU
	EndGlobalSection
	GlobalSection(SolutionProperties) = preSolution
		HideSolutionNode = FALSE
	EndGlobalSection
	GlobalSection(ExtensibilityGlobals) = postSolution
		SolutionGuid = {43D315CA-6EB9-4E1B-A985-772AB69F7765}
	EndGlobalSection
EndGlobal
